
Microsoft Visual Studio Solution File, Format Version 11.00
# Visual Studio 2010
Project("{FAE04EC0-301F-11D3-BF4B-00C04F79EFBC}") = "MAMAMENYA.Core", "MAMAMENYA.Core\MAMAMENYA.Core.csproj", "{2E058BDA-CA11-4689-8B3F-EDB00754A585}"
EndProject
Project("{FAE04EC0-301F-11D3-BF4B-00C04F79EFBC}") = "MAMAMENYA.Common", "MAMAMENYA.Common\MAMAMENYA.Common.csproj", "{D2AF200D-49D6-400F-931E-0F5B955266E8}"
EndProject
Project("{FAE04EC0-301F-11D3-BF4B-00C04F79EFBC}") = "MAMAMENYA.Data", "MAMAMENYA.Data\MAMAMENYA.Data.csproj", "{8E2200DA-09E1-459C-A797-F96C8224F83B}"
EndProject
Project("{FAE04EC0-301F-11D3-BF4B-00C04F79EFBC}") = "MAMAMENYA.FormWeb", "MAMAMENYA.FormWeb\MAMAMENYA.FormWeb.csproj", "{0CAF7A26-BC3B-4460-B86D-201A794A4233}"
EndProject
Project("{FAE04EC0-301F-11D3-BF4B-00C04F79EFBC}") = "MAMAMENYA.MVCWeb", "MAMAMENYA.MVCWeb\MAMAMENYA.MVCWeb.csproj", "{1D9C0104-A8C1-4A13-A0FB-D05F9EA648EB}"
EndProject
Project("{FAE04EC0-301F-11D3-BF4B-00C04F79EFBC}") = "MAMAMENYA.MVCWeb.Tests", "MAMAMENYA.MVCWeb.Tests\MAMAMENYA.MVCWeb.Tests.csproj", "{CF24E949-6633-4129-BDD8-FC281F64B202}"
EndProject
Global
	GlobalSection(SolutionConfigurationPlatforms) = preSolution
		Debug|Any CPU = Debug|Any CPU
		Release|Any CPU = Release|Any CPU
	EndGlobalSection
	GlobalSection(ProjectConfigurationPlatforms) = postSolution
		{2E058BDA-CA11-4689-8B3F-EDB00754A585}.Debug|Any CPU.ActiveCfg = Debug|Any CPU
		{2E058BDA-CA11-4689-8B3F-EDB00754A585}.Debug|Any CPU.Build.0 = Debug|Any CPU
		{2E058BDA-CA11-4689-8B3F-EDB00754A585}.Release|Any CPU.ActiveCfg = Release|Any CPU
		{2E058BDA-CA11-4689-8B3F-EDB00754A585}.Release|Any CPU.Build.0 = Release|Any CPU
		{D2AF200D-49D6-400F-931E-0F5B955266E8}.Debug|Any CPU.ActiveCfg = Debug|Any CPU
		{D2AF200D-49D6-400F-931E-0F5B955266E8}.Debug|Any CPU.Build.0 = Debug|Any CPU
		{D2AF200D-49D6-400F-931E-0F5B955266E8}.Release|Any CPU.ActiveCfg = Release|Any CPU
		{D2AF200D-49D6-400F-931E-0F5B955266E8}.Release|Any CPU.Build.0 = Release|Any CPU
		{8E2200DA-09E1-459C-A797-F96C8224F83B}.Debug|Any CPU.ActiveCfg = Debug|Any CPU
		{8E2200DA-09E1-459C-A797-F96C8224F83B}.Debug|Any CPU.Build.0 = Debug|Any CPU
		{8E2200DA-09E1-459C-A797-F96C8224F83B}.Release|Any CPU.ActiveCfg = Release|Any CPU
		{8E2200DA-09E1-459C-A797-F96C8224F83B}.Release|Any CPU.Build.0 = Release|Any CPU
		{0CAF7A26-BC3B-4460-B86D-201A794A4233}.Debug|Any CPU.ActiveCfg = Debug|Any CPU
		{0CAF7A26-BC3B-4460-B86D-201A794A4233}.Debug|Any CPU.Build.0 = Debug|Any CPU
		{0CAF7A26-BC3B-4460-B86D-201A794A4233}.Release|Any CPU.ActiveCfg = Release|Any CPU
		{0CAF7A26-BC3B-4460-B86D-201A794A4233}.Release|Any CPU.Build.0 = Release|Any CPU
		{1D9C0104-A8C1-4A13-A0FB-D05F9EA648EB}.Debug|Any CPU.ActiveCfg = Debug|Any CPU
		{1D9C0104-A8C1-4A13-A0FB-D05F9EA648EB}.Debug|Any CPU.Build.0 = Debug|Any CPU
		{1D9C0104-A8C1-4A13-A0FB-D05F9EA648EB}.Release|Any CPU.ActiveCfg = Release|Any CPU
		{1D9C0104-A8C1-4A13-A0FB-D05F9EA648EB}.Release|Any CPU.Build.0 = Release|Any CPU
		{CF24E949-6633-4129-BDD8-FC281F64B202}.Debug|Any CPU.ActiveCfg = Debug|Any CPU
		{CF24E949-6633-4129-BDD8-FC281F64B202}.Debug|Any CPU.Build.0 = Debug|Any CPU
		{CF24E949-6633-4129-BDD8-FC281F64B202}.Release|Any CPU.ActiveCfg = Release|Any CPU
		{CF24E949-6633-4129-BDD8-FC281F64B202}.Release|Any CPU.Build.0 = Release|Any CPU
	EndGlobalSection
	GlobalSection(SolutionProperties) = preSolution
		HideSolutionNode = FALSE
	EndGlobalSection
EndGlobal
